<?xml version="1.0" encoding="utf-8"?>
<Project ToolsVersion="4.0" xmlns="http://schemas.microsoft.com/developer/msbuild/2003">
  <ItemGroup>
    <Filter Include="Source Files">
      <UniqueIdentifier>{4FC737F1-C7A5-4376-A066-2A32D752A2FF}</UniqueIdentifier>
      <Extensions>cpp;c;cc;cxx;c++;cppm;ixx;def;odl;idl;hpj;bat;asm;asmx</Extensions>
    </Filter>
    <Filter Include="Header Files">
      <UniqueIdentifier>{93995380-89BD-4b04-88EB-625FBE52EBFB}</UniqueIdentifier>
      <Extensions>h;hh;hpp;hxx;h++;hm;inl;inc;ipp;xsd</Extensions>
    </Filter>
    <Filter Include="Resource Files">
      <UniqueIdentifier>{67DA6AB6-F800-4c08-8B7A-83BB121AAD01}</UniqueIdentifier>
      <Extensions>rc;ico;cur;bmp;dlg;rc2;rct;bin;rgs;gif;jpg;jpeg;jpe;resx;tiff;tif;png;wav;mfcribbon-ms</Extensions>
    </Filter>
    <Filter Include="Source Files\Engine Files">
      <UniqueIdentifier>{b1814cf9-3963-4e35-8f4b-d9de1ed84bc0}</UniqueIdentifier>
    </Filter>
    <Filter Include="Header Files\Engine Files">
      <UniqueIdentifier>{462dfc05-e85f-46df-833d-46da2f3e617a}</UniqueIdentifier>
    </Filter>
  </ItemGroup>
  <ItemGroup>
    <ClInclude Include="..\DragonFly Engine\Animation.h">
      <Filter>Header Files\Engine Files</Filter>
    </ClInclude>
    <ClInclude Include="..\DragonFly Engine\Box.h">
      <Filter>Header Files\Engine Files</Filter>
    </ClInclude>
    <ClInclude Include="..\DragonFly Engine\Clock.h">
      <Filter>Header Files\Engine Files</Filter>
    </ClInclude>
    <ClInclude Include="..\DragonFly Engine\Color.h">
      <Filter>Header Files\Engine Files</Filter>
    </ClInclude>
    <ClInclude Include="..\DragonFly Engine\DisplayManager.h">
      <Filter>Header Files\Engine Files</Filter>
    </ClInclude>
    <ClInclude Include="..\DragonFly Engine\Event.h">
      <Filter>Header Files\Engine Files</Filter>
    </ClInclude>
    <ClInclude Include="..\DragonFly Engine\EventCollision.h">
      <Filter>Header Files\Engine Files</Filter>
    </ClInclude>
    <ClInclude Include="..\DragonFly Engine\EventKeyboard.h">
      <Filter>Header Files\Engine Files</Filter>
    </ClInclude>
    <ClInclude Include="..\DragonFly Engine\EventMouse.h">
      <Filter>Header Files\Engine Files</Filter>
    </ClInclude>
    <ClInclude Include="..\DragonFly Engine\EventOut.h">
      <Filter>Header Files\Engine Files</Filter>
    </ClInclude>
    <ClInclude Include="..\DragonFly Engine\EventStep.h">
      <Filter>Header Files\Engine Files</Filter>
    </ClInclude>
    <ClInclude Include="..\DragonFly Engine\EventView.h">
      <Filter>Header Files\Engine Files</Filter>
    </ClInclude>
    <ClInclude Include="..\DragonFly Engine\Frame.h">
      <Filter>Header Files\Engine Files</Filter>
    </ClInclude>
    <ClInclude Include="..\DragonFly Engine\GameManager.h">
      <Filter>Header Files\Engine Files</Filter>
    </ClInclude>
    <ClInclude Include="..\DragonFly Engine\InputManager.h">
      <Filter>Header Files\Engine Files</Filter>
    </ClInclude>
    <ClInclude Include="..\DragonFly Engine\LogManager.h">
      <Filter>Header Files\Engine Files</Filter>
    </ClInclude>
    <ClInclude Include="..\DragonFly Engine\Manager.h">
      <Filter>Header Files\Engine Files</Filter>
    </ClInclude>
    <ClInclude Include="..\DragonFly Engine\Music.h">
      <Filter>Header Files\Engine Files</Filter>
    </ClInclude>
    <ClInclude Include="..\DragonFly Engine\Object.h">
      <Filter>Header Files\Engine Files</Filter>
    </ClInclude>
    <ClInclude Include="..\DragonFly Engine\ObjectList.h">
      <Filter>Header Files\Engine Files</Filter>
    </ClInclude>
    <ClInclude Include="..\DragonFly Engine\ObjectListIterator.h">
      <Filter>Header Files\Engine Files</Filter>
    </ClInclude>
    <ClInclude Include="..\DragonFly Engine\ResourceManager.h">
      <Filter>Header Files\Engine Files</Filter>
    </ClInclude>
    <ClInclude Include="..\DragonFly Engine\Sound.h">
      <Filter>Header Files\Engine Files</Filter>
    </ClInclude>
    <ClInclude Include="..\DragonFly Engine\Sprite.h">
      <Filter>Header Files\Engine Files</Filter>
    </ClInclude>
    <ClInclude Include="..\DragonFly Engine\Utility.h">
      <Filter>Header Files\Engine Files</Filter>
    </ClInclude>
    <ClInclude Include="..\DragonFly Engine\Vector.h">
      <Filter>Header Files\Engine Files</Filter>
    </ClInclude>
    <ClInclude Include="..\DragonFly Engine\ViewObject.h">
      <Filter>Header Files\Engine Files</Filter>
    </ClInclude>
    <ClInclude Include="..\DragonFly Engine\WorldManager.h">
      <Filter>Header Files\Engine Files</Filter>
    </ClInclude>
    <ClInclude Include="Enemy.h">
      <Filter>Header Files</Filter>
    </ClInclude>
    <ClInclude Include="Player.h">
      <Filter>Header Files</Filter>
    </ClInclude>
    <ClInclude Include="Bullet.h">
      <Filter>Header Files</Filter>
    </ClInclude>
    <ClInclude Include="..\DragonFly Engine\BulletPattern.h">
      <Filter>Header Files\Engine Files</Filter>
    </ClInclude>
  </ItemGroup>
  <ItemGroup>
    <ClCompile Include="..\DragonFly Engine\WorldManager.cpp">
      <Filter>Source Files\Engine Files</Filter>
    </ClCompile>
    <ClCompile Include="..\DragonFly Engine\Animation.cpp">
      <Filter>Source Files\Engine Files</Filter>
    </ClCompile>
    <ClCompile Include="..\DragonFly Engine\Box.cpp">
      <Filter>Source Files\Engine Files</Filter>
    </ClCompile>
    <ClCompile Include="..\DragonFly Engine\Clock.cpp">
      <Filter>Source Files\Engine Files</Filter>
    </ClCompile>
    <ClCompile Include="..\DragonFly Engine\DisplayManager.cpp">
      <Filter>Source Files\Engine Files</Filter>
    </ClCompile>
    <ClCompile Include="..\DragonFly Engine\Event.cpp">
      <Filter>Source Files\Engine Files</Filter>
    </ClCompile>
    <ClCompile Include="..\DragonFly Engine\EventCollision.cpp">
      <Filter>Source Files\Engine Files</Filter>
    </ClCompile>
    <ClCompile Include="..\DragonFly Engine\EventKeyboard.cpp">
      <Filter>Source Files\Engine Files</Filter>
    </ClCompile>
    <ClCompile Include="..\DragonFly Engine\EventMouse.cpp">
      <Filter>Source Files\Engine Files</Filter>
    </ClCompile>
    <ClCompile Include="..\DragonFly Engine\EventOut.cpp">
      <Filter>Source Files\Engine Files</Filter>
    </ClCompile>
    <ClCompile Include="..\DragonFly Engine\EventStep.cpp">
      <Filter>Source Files\Engine Files</Filter>
    </ClCompile>
    <ClCompile Include="..\DragonFly Engine\EventView.cpp">
      <Filter>Source Files\Engine Files</Filter>
    </ClCompile>
    <ClCompile Include="..\DragonFly Engine\Frame.cpp">
      <Filter>Source Files\Engine Files</Filter>
    </ClCompile>
    <ClCompile Include="..\DragonFly Engine\GameManager.cpp">
      <Filter>Source Files\Engine Files</Filter>
    </ClCompile>
    <ClCompile Include="..\DragonFly Engine\InputManager.cpp">
      <Filter>Source Files\Engine Files</Filter>
    </ClCompile>
    <ClCompile Include="..\DragonFly Engine\LogManager.cpp">
      <Filter>Source Files\Engine Files</Filter>
    </ClCompile>
    <ClCompile Include="..\DragonFly Engine\Manager.cpp">
      <Filter>Source Files\Engine Files</Filter>
    </ClCompile>
    <ClCompile Include="..\DragonFly Engine\Music.cpp">
      <Filter>Source Files\Engine Files</Filter>
    </ClCompile>
    <ClCompile Include="..\DragonFly Engine\Object.cpp">
      <Filter>Source Files\Engine Files</Filter>
    </ClCompile>
    <ClCompile Include="..\DragonFly Engine\ObjectList.cpp">
      <Filter>Source Files\Engine Files</Filter>
    </ClCompile>
    <ClCompile Include="..\DragonFly Engine\ObjectListIterator.cpp">
      <Filter>Source Files\Engine Files</Filter>
    </ClCompile>
    <ClCompile Include="..\DragonFly Engine\ResourceManager.cpp">
      <Filter>Source Files\Engine Files</Filter>
    </ClCompile>
    <ClCompile Include="..\DragonFly Engine\Sound.cpp">
      <Filter>Source Files\Engine Files</Filter>
    </ClCompile>
    <ClCompile Include="..\DragonFly Engine\Sprite.cpp">
      <Filter>Source Files\Engine Files</Filter>
    </ClCompile>
    <ClCompile Include="..\DragonFly Engine\Utility.cpp">
      <Filter>Source Files\Engine Files</Filter>
    </ClCompile>
    <ClCompile Include="..\DragonFly Engine\Vector.cpp">
      <Filter>Source Files\Engine Files</Filter>
    </ClCompile>
    <ClCompile Include="..\DragonFly Engine\ViewObject.cpp">
      <Filter>Source Files\Engine Files</Filter>
    </ClCompile>
    <ClCompile Include="Enemy.cpp">
      <Filter>Source Files</Filter>
    </ClCompile>
    <ClCompile Include="game.cpp">
      <Filter>Source Files</Filter>
    </ClCompile>
    <ClCompile Include="Player.cpp">
      <Filter>Source Files</Filter>
    </ClCompile>
    <ClCompile Include="Bullet.cpp">
      <Filter>Source Files</Filter>
    </ClCompile>
    <ClCompile Include="..\DragonFly Engine\BulletPattern.cpp">
      <Filter>Source Files\Engine Files</Filter>
    </ClCompile>
  </ItemGroup>
</Project>